
Microsoft Visual Studio Solution File, Format Version 12.00
# Visual Studio Version 16
VisualStudioVersion = 16.0.30114.105
MinimumVisualStudioVersion = 10.0.40219.1
Project("{2150E333-8FDC-42A3-9474-1A3956D46DE8}") = "domain", "domain", "{83BCF854-3FC7-4947-A522-8D6CCB046FC0}"
EndProject
Project("{9A19103F-16F7-4668-BE54-9A1E7A4F7556}") = "InternetShop", "domain\InternetShop\InternetShop.csproj", "{A90E46D9-DAA2-43BE-980E-9C5BD7FDD97E}"
EndProject
Project("{2150E333-8FDC-42A3-9474-1A3956D46DE8}") = "infrastructure", "infrastructure", "{E839E18B-805E-4D41-8B53-2CEF87A306B7}"
EndProject
Project("{9A19103F-16F7-4668-BE54-9A1E7A4F7556}") = "InternetShop.Memory", "infrastructure\InternetShop.Memory\InternetShop.Memory.csproj", "{EF66E6F0-6FA9-47AF-924C-D6DEF03468F7}"
EndProject
Project("{2150E333-8FDC-42A3-9474-1A3956D46DE8}") = "presentation", "presentation", "{BC6381B4-7A75-4496-A3C0-0E0A6C6BAF36}"
EndProject
Project("{9A19103F-16F7-4668-BE54-9A1E7A4F7556}") = "InternetShop.Web", "presentation\InternetShop.Web\InternetShop.Web.csproj", "{A75E2D32-93CD-490E-A899-81A75199A4A4}"
EndProject
Project("{9A19103F-16F7-4668-BE54-9A1E7A4F7556}") = "InternetShop.Tests", "InternetShop.Tests\InternetShop.Tests.csproj", "{7EFEF4A0-6811-48F8-91E1-8C72B2A65B45}"
EndProject
Project("{9A19103F-16F7-4668-BE54-9A1E7A4F7556}") = "InternetShop.Web.Contractors", "presentation\InternetShop.Web.Contractors\InternetShop.Web.Contractors.csproj", "{9A93AF3E-4375-4C40-9F05-514CB193FEDD}"
EndProject
Project("{2150E333-8FDC-42A3-9474-1A3956D46DE8}") = "plugins", "plugins", "{CBDDE7C5-84EC-4A86-8222-F69278F3DA94}"
EndProject
Project("{9A19103F-16F7-4668-BE54-9A1E7A4F7556}") = "InternetShop.YandexKassa", "plugins\InternetShop.YandexKassa\InternetShop.YandexKassa.csproj", "{462C53DF-6FA9-4D70-809D-01D572A387CA}"
EndProject
Project("{2150E333-8FDC-42A3-9474-1A3956D46DE8}") = "application", "application", "{8C3683F8-2441-4A83-BB04-1DFEA4A1D5AB}"
EndProject
Project("{FAE04EC0-301F-11D3-BF4B-00C04F79EFBC}") = "InternetShop.Web.App", "application\InternetShop.Web.App\InternetShop.Web.App.csproj", "{01F0CD4D-6759-4B12-8383-5D408F68033A}"
EndProject
Global
	GlobalSection(SolutionConfigurationPlatforms) = preSolution
		Debug|Any CPU = Debug|Any CPU
		Debug|x64 = Debug|x64
		Debug|x86 = Debug|x86
		Release|Any CPU = Release|Any CPU
		Release|x64 = Release|x64
		Release|x86 = Release|x86
	EndGlobalSection
	GlobalSection(ProjectConfigurationPlatforms) = postSolution
		{A90E46D9-DAA2-43BE-980E-9C5BD7FDD97E}.Debug|Any CPU.ActiveCfg = Debug|Any CPU
		{A90E46D9-DAA2-43BE-980E-9C5BD7FDD97E}.Debug|Any CPU.Build.0 = Debug|Any CPU
		{A90E46D9-DAA2-43BE-980E-9C5BD7FDD97E}.Debug|x64.ActiveCfg = Debug|Any CPU
		{A90E46D9-DAA2-43BE-980E-9C5BD7FDD97E}.Debug|x64.Build.0 = Debug|Any CPU
		{A90E46D9-DAA2-43BE-980E-9C5BD7FDD97E}.Debug|x86.ActiveCfg = Debug|Any CPU
		{A90E46D9-DAA2-43BE-980E-9C5BD7FDD97E}.Debug|x86.Build.0 = Debug|Any CPU
		{A90E46D9-DAA2-43BE-980E-9C5BD7FDD97E}.Release|Any CPU.ActiveCfg = Release|Any CPU
		{A90E46D9-DAA2-43BE-980E-9C5BD7FDD97E}.Release|Any CPU.Build.0 = Release|Any CPU
		{A90E46D9-DAA2-43BE-980E-9C5BD7FDD97E}.Release|x64.ActiveCfg = Release|Any CPU
		{A90E46D9-DAA2-43BE-980E-9C5BD7FDD97E}.Release|x64.Build.0 = Release|Any CPU
		{A90E46D9-DAA2-43BE-980E-9C5BD7FDD97E}.Release|x86.ActiveCfg = Release|Any CPU
		{A90E46D9-DAA2-43BE-980E-9C5BD7FDD97E}.Release|x86.Build.0 = Release|Any CPU
		{EF66E6F0-6FA9-47AF-924C-D6DEF03468F7}.Debug|Any CPU.ActiveCfg = Debug|Any CPU
		{EF66E6F0-6FA9-47AF-924C-D6DEF03468F7}.Debug|Any CPU.Build.0 = Debug|Any CPU
		{EF66E6F0-6FA9-47AF-924C-D6DEF03468F7}.Debug|x64.ActiveCfg = Debug|Any CPU
		{EF66E6F0-6FA9-47AF-924C-D6DEF03468F7}.Debug|x64.Build.0 = Debug|Any CPU
		{EF66E6F0-6FA9-47AF-924C-D6DEF03468F7}.Debug|x86.ActiveCfg = Debug|Any CPU
		{EF66E6F0-6FA9-47AF-924C-D6DEF03468F7}.Debug|x86.Build.0 = Debug|Any CPU
		{EF66E6F0-6FA9-47AF-924C-D6DEF03468F7}.Release|Any CPU.ActiveCfg = Release|Any CPU
		{EF66E6F0-6FA9-47AF-924C-D6DEF03468F7}.Release|Any CPU.Build.0 = Release|Any CPU
		{EF66E6F0-6FA9-47AF-924C-D6DEF03468F7}.Release|x64.ActiveCfg = Release|Any CPU
		{EF66E6F0-6FA9-47AF-924C-D6DEF03468F7}.Release|x64.Build.0 = Release|Any CPU
		{EF66E6F0-6FA9-47AF-924C-D6DEF03468F7}.Release|x86.ActiveCfg = Release|Any CPU
		{EF66E6F0-6FA9-47AF-924C-D6DEF03468F7}.Release|x86.Build.0 = Release|Any CPU
		{A75E2D32-93CD-490E-A899-81A75199A4A4}.Debug|Any CPU.ActiveCfg = Debug|Any CPU
		{A75E2D32-93CD-490E-A899-81A75199A4A4}.Debug|Any CPU.Build.0 = Debug|Any CPU
		{A75E2D32-93CD-490E-A899-81A75199A4A4}.Debug|x64.ActiveCfg = Debug|Any CPU
		{A75E2D32-93CD-490E-A899-81A75199A4A4}.Debug|x64.Build.0 = Debug|Any CPU
		{A75E2D32-93CD-490E-A899-81A75199A4A4}.Debug|x86.ActiveCfg = Debug|Any CPU
		{A75E2D32-93CD-490E-A899-81A75199A4A4}.Debug|x86.Build.0 = Debug|Any CPU
		{A75E2D32-93CD-490E-A899-81A75199A4A4}.Release|Any CPU.ActiveCfg = Release|Any CPU
		{A75E2D32-93CD-490E-A899-81A75199A4A4}.Release|Any CPU.Build.0 = Release|Any CPU
		{A75E2D32-93CD-490E-A899-81A75199A4A4}.Release|x64.ActiveCfg = Release|Any CPU
		{A75E2D32-93CD-490E-A899-81A75199A4A4}.Release|x64.Build.0 = Release|Any CPU
		{A75E2D32-93CD-490E-A899-81A75199A4A4}.Release|x86.ActiveCfg = Release|Any CPU
		{A75E2D32-93CD-490E-A899-81A75199A4A4}.Release|x86.Build.0 = Release|Any CPU
		{7EFEF4A0-6811-48F8-91E1-8C72B2A65B45}.Debug|Any CPU.ActiveCfg = Debug|Any CPU
		{7EFEF4A0-6811-48F8-91E1-8C72B2A65B45}.Debug|Any CPU.Build.0 = Debug|Any CPU
		{7EFEF4A0-6811-48F8-91E1-8C72B2A65B45}.Debug|x64.ActiveCfg = Debug|Any CPU
		{7EFEF4A0-6811-48F8-91E1-8C72B2A65B45}.Debug|x64.Build.0 = Debug|Any CPU
		{7EFEF4A0-6811-48F8-91E1-8C72B2A65B45}.Debug|x86.ActiveCfg = Debug|Any CPU
		{7EFEF4A0-6811-48F8-91E1-8C72B2A65B45}.Debug|x86.Build.0 = Debug|Any CPU
		{7EFEF4A0-6811-48F8-91E1-8C72B2A65B45}.Release|Any CPU.ActiveCfg = Release|Any CPU
		{7EFEF4A0-6811-48F8-91E1-8C72B2A65B45}.Release|Any CPU.Build.0 = Release|Any CPU
		{7EFEF4A0-6811-48F8-91E1-8C72B2A65B45}.Release|x64.ActiveCfg = Release|Any CPU
		{7EFEF4A0-6811-48F8-91E1-8C72B2A65B45}.Release|x64.Build.0 = Release|Any CPU
		{7EFEF4A0-6811-48F8-91E1-8C72B2A65B45}.Release|x86.ActiveCfg = Release|Any CPU
		{7EFEF4A0-6811-48F8-91E1-8C72B2A65B45}.Release|x86.Build.0 = Release|Any CPU
		{9A93AF3E-4375-4C40-9F05-514CB193FEDD}.Debug|Any CPU.ActiveCfg = Debug|Any CPU
		{9A93AF3E-4375-4C40-9F05-514CB193FEDD}.Debug|Any CPU.Build.0 = Debug|Any CPU
		{9A93AF3E-4375-4C40-9F05-514CB193FEDD}.Debug|x64.ActiveCfg = Debug|Any CPU
		{9A93AF3E-4375-4C40-9F05-514CB193FEDD}.Debug|x64.Build.0 = Debug|Any CPU
		{9A93AF3E-4375-4C40-9F05-514CB193FEDD}.Debug|x86.ActiveCfg = Debug|Any CPU
		{9A93AF3E-4375-4C40-9F05-514CB193FEDD}.Debug|x86.Build.0 = Debug|Any CPU
		{9A93AF3E-4375-4C40-9F05-514CB193FEDD}.Release|Any CPU.ActiveCfg = Release|Any CPU
		{9A93AF3E-4375-4C40-9F05-514CB193FEDD}.Release|Any CPU.Build.0 = Release|Any CPU
		{9A93AF3E-4375-4C40-9F05-514CB193FEDD}.Release|x64.ActiveCfg = Release|Any CPU
		{9A93AF3E-4375-4C40-9F05-514CB193FEDD}.Release|x64.Build.0 = Release|Any CPU
		{9A93AF3E-4375-4C40-9F05-514CB193FEDD}.Release|x86.ActiveCfg = Release|Any CPU
		{9A93AF3E-4375-4C40-9F05-514CB193FEDD}.Release|x86.Build.0 = Release|Any CPU
		{462C53DF-6FA9-4D70-809D-01D572A387CA}.Debug|Any CPU.ActiveCfg = Debug|Any CPU
		{462C53DF-6FA9-4D70-809D-01D572A387CA}.Debug|Any CPU.Build.0 = Debug|Any CPU
		{462C53DF-6FA9-4D70-809D-01D572A387CA}.Debug|x64.ActiveCfg = Debug|Any CPU
		{462C53DF-6FA9-4D70-809D-01D572A387CA}.Debug|x64.Build.0 = Debug|Any CPU
		{462C53DF-6FA9-4D70-809D-01D572A387CA}.Debug|x86.ActiveCfg = Debug|Any CPU
		{462C53DF-6FA9-4D70-809D-01D572A387CA}.Debug|x86.Build.0 = Debug|Any CPU
		{462C53DF-6FA9-4D70-809D-01D572A387CA}.Release|Any CPU.ActiveCfg = Release|Any CPU
		{462C53DF-6FA9-4D70-809D-01D572A387CA}.Release|Any CPU.Build.0 = Release|Any CPU
		{462C53DF-6FA9-4D70-809D-01D572A387CA}.Release|x64.ActiveCfg = Release|Any CPU
		{462C53DF-6FA9-4D70-809D-01D572A387CA}.Release|x64.Build.0 = Release|Any CPU
		{462C53DF-6FA9-4D70-809D-01D572A387CA}.Release|x86.ActiveCfg = Release|Any CPU
		{462C53DF-6FA9-4D70-809D-01D572A387CA}.Release|x86.Build.0 = Release|Any CPU
		{01F0CD4D-6759-4B12-8383-5D408F68033A}.Debug|Any CPU.ActiveCfg = Debug|Any CPU
		{01F0CD4D-6759-4B12-8383-5D408F68033A}.Debug|Any CPU.Build.0 = Debug|Any CPU
		{01F0CD4D-6759-4B12-8383-5D408F68033A}.Debug|x64.ActiveCfg = Debug|Any CPU
		{01F0CD4D-6759-4B12-8383-5D408F68033A}.Debug|x64.Build.0 = Debug|Any CPU
		{01F0CD4D-6759-4B12-8383-5D408F68033A}.Debug|x86.ActiveCfg = Debug|Any CPU
		{01F0CD4D-6759-4B12-8383-5D408F68033A}.Debug|x86.Build.0 = Debug|Any CPU
		{01F0CD4D-6759-4B12-8383-5D408F68033A}.Release|Any CPU.ActiveCfg = Release|Any CPU
		{01F0CD4D-6759-4B12-8383-5D408F68033A}.Release|Any CPU.Build.0 = Release|Any CPU
		{01F0CD4D-6759-4B12-8383-5D408F68033A}.Release|x64.ActiveCfg = Release|Any CPU
		{01F0CD4D-6759-4B12-8383-5D408F68033A}.Release|x64.Build.0 = Release|Any CPU
		{01F0CD4D-6759-4B12-8383-5D408F68033A}.Release|x86.ActiveCfg = Release|Any CPU
		{01F0CD4D-6759-4B12-8383-5D408F68033A}.Release|x86.Build.0 = Release|Any CPU
	EndGlobalSection
	GlobalSection(SolutionProperties) = preSolution
		HideSolutionNode = FALSE
	EndGlobalSection
	GlobalSection(NestedProjects) = preSolution
		{A90E46D9-DAA2-43BE-980E-9C5BD7FDD97E} = {83BCF854-3FC7-4947-A522-8D6CCB046FC0}
		{EF66E6F0-6FA9-47AF-924C-D6DEF03468F7} = {E839E18B-805E-4D41-8B53-2CEF87A306B7}
		{A75E2D32-93CD-490E-A899-81A75199A4A4} = {BC6381B4-7A75-4496-A3C0-0E0A6C6BAF36}
		{7EFEF4A0-6811-48F8-91E1-8C72B2A65B45} = {83BCF854-3FC7-4947-A522-8D6CCB046FC0}
		{9A93AF3E-4375-4C40-9F05-514CB193FEDD} = {BC6381B4-7A75-4496-A3C0-0E0A6C6BAF36}
		{462C53DF-6FA9-4D70-809D-01D572A387CA} = {CBDDE7C5-84EC-4A86-8222-F69278F3DA94}
		{01F0CD4D-6759-4B12-8383-5D408F68033A} = {8C3683F8-2441-4A83-BB04-1DFEA4A1D5AB}
	EndGlobalSection
	GlobalSection(ExtensibilityGlobals) = postSolution
		SolutionGuid = {C7458CA2-C388-4D16-8DEA-5EEDA3FD7F10}
	EndGlobalSection
EndGlobal
